// !$*UTF8*$!
{
	archiveVersion = 1;
	classes = {
	};
	objectVersion = 46;
	objects = {

/* Begin PBXBuildFile section */
		363ED39F1B5FADCC00EB4DB5 /* main.m in Sources */ = {isa = PBXBuildFile; fileRef = 363ED39E1B5FADCC00EB4DB5 /* main.m */; };
		363ED3A71B5FADE800EB4DB5 /* StringsLoader.m in Sources */ = {isa = PBXBuildFile; fileRef = 363ED3A61B5FADE800EB4DB5 /* StringsLoader.m */; };
/* End PBXBuildFile section */

/* Begin PBXCopyFilesBuildPhase section */
		363ED3991B5FADCC00EB4DB5 /* CopyFiles */ = {
			isa = PBXCopyFilesBuildPhase;
			buildActionMask = 2147483647;
			dstPath = /usr/share/man/man1/;
			dstSubfolderSpec = 0;
			files = (
			);
			runOnlyForDeploymentPostprocessing = 1;
		};
/* End PBXCopyFilesBuildPhase section */

/* Begin PBXFileReference section */
		363ED39B1B5FADCC00EB4DB5 /* LoadLocalizableStrings */ = {isa = PBXFileReference; explicitFileType = "compiled.mach-o.executable"; includeInIndex = 0; path = LoadLocalizableStrings; sourceTree = BUILT_PRODUCTS_DIR; };
		363ED39E1B5FADCC00EB4DB5 /* main.m */ = {isa = PBXFileReference; lastKnownFileType = sourcecode.c.objc; path = main.m; sourceTree = "<group>"; };
		363ED3A51B5FADE800EB4DB5 /* StringsLoader.h */ = {isa = PBXFileReference; fileEncoding = 4; lastKnownFileType = sourcecode.c.h; path = StringsLoader.h; sourceTree = "<group>"; };
		363ED3A61B5FADE800EB4DB5 /* StringsLoader.m */ = {isa = PBXFileReference; fileEncoding = 4; lastKnownFileType = sourcecode.c.objc; path = StringsLoader.m; sourceTree = "<group>"; };
/* End PBXFileReference section */

/* Begin PBXFrameworksBuildPhase section */
		363ED3981B5FADCC00EB4DB5 /* Frameworks */ = {
			isa = PBXFrameworksBuildPhase;
			buildActionMask = 2147483647;
			files = (
			);
			runOnlyForDeploymentPostprocessing = 0;
		};
/* End PBXFrameworksBuildPhase section */

/* Begin PBXGroup section */
		363ED3921B5FADCC00EB4DB5 = {
			isa = PBXGroup;
			children = (
				363ED39D1B5FADCC00EB4DB5 /* LoadLocalizableStrings */,
				363ED39C1B5FADCC00EB4DB5 /* Products */,
			);
			sourceTree = "<group>";
		};
		363ED39C1B5FADCC00EB4DB5 /* Products */ = {
			isa = PBXGroup;
			children = (
				363ED39B1B5FADCC00EB4DB5 /* LoadLocalizableStrings */,
			);
			name = Products;
			sourceTree = "<group>";
		};
		363ED39D1B5FADCC00EB4DB5 /* LoadLocalizableStrings */ = {
			isa = PBXGroup;
			children = (
				363ED39E1B5FADCC00EB4DB5 /* main.m */,
				363ED3A51B5FADE800EB4DB5 /* StringsLoader.h */,
				363ED3A61B5FADE800EB4DB5 /* StringsLoader.m */,
			);
			path = LoadLocalizableStrings;
			sourceTree = "<group>";
		};
/* End PBXGroup section */

/* Begin PBXNativeTarget section */
		363ED39A1B5FADCC00EB4DB5 /* LoadLocalizableStrings */ = {
			isa = PBXNativeTarget;
			buildConfigurationList = 363ED3A21B5FADCC00EB4DB5 /* Build configuration list for PBXNativeTarget "LoadLocalizableStrings" */;
			buildPhases = (
				363ED3971B5FADCC00EB4DB5 /* Sources */,
				363ED3981B5FADCC00EB4DB5 /* Frameworks */,
				363ED3991B5FADCC00EB4DB5 /* CopyFiles */,
			);
			buildRules = (
			);
			dependencies = (
			);
			name = LoadLocalizableStrings;
			productName = LoadLocalizableStrings;
			productReference = 363ED39B1B5FADCC00EB4DB5 /* LoadLocalizableStrings */;
			productType = "com.apple.product-type.tool";
		};
/* End PBXNativeTarget section */

/* Begin PBXProject section */
		363ED3931B5FADCC00EB4DB5 /* Project object */ = {
			isa = PBXProject;
			attributes = {
				LastUpgradeCheck = 0640;
				ORGANIZATIONNAME = SmediaLink;
				TargetAttributes = {
					363ED39A1B5FADCC00EB4DB5 = {
						CreatedOnToolsVersion = 6.4;
					};
				};
			};
			buildConfigurationList = 363ED3961B5FADCC00EB4DB5 /* Build configuration list for PBXProject "LoadLocalizableStrings" */;
			compatibilityVersion = "Xcode 3.2";
			developmentRegion = English;
			hasScannedForEncodings = 0;
			knownRegions = (
				en,
			);
			mainGroup = 363ED3921B5FADCC00EB4DB5;
			productRefGroup = 363ED39C1B5FADCC00EB4DB5 /* Products */;
			projectDirPath = "";
			projectRoot = "";
			targets = (
				363ED39A1B5FADCC00EB4DB5 /* LoadLocalizableStrings */,
			);
		};
/* End PBXProject section */

/* Begin PBXSourcesBuildPhase section */
		363ED3971B5FADCC00EB4DB5 /* Sources */ = {
			isa = PBXSourcesBuildPhase;
			buildActionMask = 2147483647;
			files = (
				363ED39F1B5FADCC00EB4DB5 /* main.m in Sources */,
				363ED3A71B5FADE800EB4DB5 /* StringsLoader.m in Sources */,
			);
			runOnlyForDeploymentPostprocessing = 0;
		};
/* End PBXSourcesBuildPhase section */

/* Begin XCBuildConfiguration section */
		363ED3A01B5FADCC00EB4DB5 /* Debug */ = {
			isa = XCBuildConfiguration;
			buildSettings = {
				ALWAYS_SEARCH_USER_PATHS = NO;
				CLANG_CXX_LANGUAGE_STANDARD = "gnu++0x";
				CLANG_CXX_LIBRARY = "libc++";
				CLANG_ENABLE_MODULES = YES;
				CLANG_ENABLE_OBJC_ARC = YES;
				CLANG_WARN_BOOL_CONVERSION = YES;
				CLANG_WARN_CONSTANT_CONVERSION = YES;
				CLANG_WARN_DIRECT_OBJC_ISA_USAGE = YES_ERROR;
				CLANG_WARN_EMPTY_BODY = YES;
				CLANG_WARN_ENUM_CONVERSION = YES;
				CLANG_WARN_INT_CONVERSION = YES;
				CLANG_WARN_OBJC_ROOT_CLASS = YES_ERROR;
				CLANG_WARN_UNREACHABLE_CODE = YES;
				CLANG_WARN__DUPLICATE_METHOD_MATCH = YES;
				COPY_PHASE_STRIP = NO;
				DEBUG_INFORMATION_FORMAT = dwarf;
				ENABLE_STRICT_OBJC_MSGSEND = YES;
				GCC_C_LANGUAGE_STANDARD = gnu99;
				GCC_DYNAMIC_NO_PIC = NO;
				GCC_NO_COMMON_BLOCKS = YES;
				GCC_OPTIMIZATION_LEVEL = 0;
				GCC_PREPROCESSOR_DEFINITIONS = (
					"DEBUG=1",
					"$(inherited)",
				);
				GCC_SYMBOLS_PRIVATE_EXTERN = NO;
				GCC_WARN_64_TO_32_BIT_CONVERSION = YES;
				GCC_WARN_ABOUT_RETURN_TYPE = YES_ERROR;
				GCC_WARN_UNDECLARED_SELECTOR = YES;
				GCC_WARN_UNINITIALIZED_AUTOS = YES_AGGRESSIVE;
				GCC_WARN_UNUSED_FUNCTION = YES;
				GCC_WARN_UNUSED_VARIABLE = YES;
				MACOSX_DEPLOYMENT_TARGET = 10.10;
				MTL_ENABLE_DEBUG_INFO = YES;
				ONLY_ACTIVE_ARCH = YES;
				SDKROOT = macosx;
			};
			name = Debug;
		};
		363ED3A11B5FADCC00EB4DB5 /* Release */ = {
			isa = XCBuildConfiguration;
			buildSettings = {
				ALWAYS_SEARCH_USER_PATHS = NO;
				CLANG_CXX_LANGUAGE_STANDARD = "gnu++0x";
				CLANG_CXX_LIBRARY = "libc++";
				CLANG_ENABLE_MODULES = YES;
				CLANG_ENABLE_OBJC_ARC = YES;
				CLANG_WARN_BOOL_CONVERSION = YES;
				CLANG_WARN_CONSTANT_CONVERSION = YES;
				CLANG_WARN_DIRECT_OBJC_ISA_USAGE = YES_ERROR;
				CLANG_WARN_EMPTY_BODY = YES;
				CLANG_WARN_ENUM_CONVERSION = YES;
				CLANG_WARN_INT_CONVERSION = YES;
				CLANG_WARN_OBJC_ROOT_CLASS = YES_ERROR;
				CLANG_WARN_UNREACHABLE_CODE = YES;
				CLANG_WARN__DUPLICATE_METHOD_MATCH = YES;
				COPY_PHASE_STRIP = NO;
				DEBUG_INFORMATION_FORMAT = "dwarf-with-dsym";
				ENABLE_NS_ASSERTIONS = NO;
				ENABLE_STRICT_OBJC_MSGSEND = YES;
				GCC_C_LANGUAGE_STANDARD = gnu99;
				GCC_NO_COMMON_BLOCKS = YES;
				GCC_WARN_64_TO_32_BIT_CONVERSION = YES;
				GCC_WARN_ABOUT_RETURN_TYPE = YES_ERROR;
				GCC_WARN_UNDECLARED_SELECTOR = YES;
				GCC_WARN_UNINITIALIZED_AUTOS = YES_AGGRESSIVE;
				GCC_WARN_UNUSED_FUNCTION = YES;
				GCC_WARN_UNUSED_VARIABLE = YES;
				MACOSX_DEPLOYMENT_TARGET = 10.10;
				MTL_ENABLE_DEBUG_INFO = NO;
				SDKROOT = macosx;
			};
			name = Release;
		};
		363ED3A31B5FADCC00EB4DB5 /* Debug */ = {
			isa = XCBuildConfiguration;
			buildSettings = {
				PRODUCT_NAME = "$(TARGET_NAME)";
			};
			name = Debug;
		};
		363ED3A41B5FADCC00EB4DB5 /* Release */ = {
			isa = XCBuildConfiguration;
			buildSettings = {
				PRODUCT_NAME = "$(TARGET_NAME)";
			};
			name = Release;
		};
/* End XCBuildConfiguration section */

/* Begin XCConfigurationList section */
		363ED3961B5FADCC00EB4DB5 /* Build configuration list for PBXProject "LoadLocalizableStrings" */ = {
			isa = XCConfigurationList;
			buildConfigurations = (
				363ED3A01B5FADCC00EB4DB5 /* Debug */,
				363ED3A11B5FADCC00EB4DB5 /* Release */,
			);
			defaultConfigurationIsVisible = 0;
			defaultConfigurationName = Release;
		};
		363ED3A21B5FADCC00EB4DB5 /* Build configuration list for PBXNativeTarget "LoadLocalizableStrings" */ = {
			isa = XCConfigurationList;
			buildConfigurations = (
				363ED3A31B5FADCC00EB4DB5 /* Debug */,
				363ED3A41B5FADCC00EB4DB5 /* Release */,
			);
			defaultConfigurationIsVisible = 0;
		};
/* End XCConfigurationList section */
	};
	rootObject = 363ED3931B5FADCC00EB4DB5 /* Project object */;
}
